
Microsoft Visual Studio Solution File, Format Version 12.00
# Visual Studio 15
VisualStudioVersion = 15.0.27130.2027
MinimumVisualStudioVersion = 10.0.40219.1
Project("{FAE04EC0-301F-11D3-BF4B-00C04F79EFBC}") = "CardManage.IService", "CardManage.IService\CardManage.IService.csproj", "{A0CC3182-E4BE-4070-BC49-61F2DF442855}"
EndProject
Project("{FAE04EC0-301F-11D3-BF4B-00C04F79EFBC}") = "CardManage.Service", "CardManage.Service\CardManage.Service.csproj", "{4A95E879-6BDC-473E-8A4C-F7A1D242B0C9}"
EndProject
Project("{FAE04EC0-301F-11D3-BF4B-00C04F79EFBC}") = "CardManage.Web", "CardManage.Web\CardManage.Web.csproj", "{B750CA8C-F842-495F-93B5-48FEF043E763}"
EndProject
Project("{FAE04EC0-301F-11D3-BF4B-00C04F79EFBC}") = "CardManage.Test", "CardManage.Test\CardManage.Test.csproj", "{87241891-D016-4022-B8E6-969BECB09915}"
EndProject
Project("{FAE04EC0-301F-11D3-BF4B-00C04F79EFBC}") = "CardManage.DTO", "CardManage.DTO\CardManage.DTO.csproj", "{64477DE7-76D6-49A0-824D-680F363FCD8C}"
EndProject
Global
	GlobalSection(SolutionConfigurationPlatforms) = preSolution
		Debug|Any CPU = Debug|Any CPU
		Release|Any CPU = Release|Any CPU
	EndGlobalSection
	GlobalSection(ProjectConfigurationPlatforms) = postSolution
		{A0CC3182-E4BE-4070-BC49-61F2DF442855}.Debug|Any CPU.ActiveCfg = Debug|Any CPU
		{A0CC3182-E4BE-4070-BC49-61F2DF442855}.Debug|Any CPU.Build.0 = Debug|Any CPU
		{A0CC3182-E4BE-4070-BC49-61F2DF442855}.Release|Any CPU.ActiveCfg = Release|Any CPU
		{A0CC3182-E4BE-4070-BC49-61F2DF442855}.Release|Any CPU.Build.0 = Release|Any CPU
		{4A95E879-6BDC-473E-8A4C-F7A1D242B0C9}.Debug|Any CPU.ActiveCfg = Debug|Any CPU
		{4A95E879-6BDC-473E-8A4C-F7A1D242B0C9}.Debug|Any CPU.Build.0 = Debug|Any CPU
		{4A95E879-6BDC-473E-8A4C-F7A1D242B0C9}.Release|Any CPU.ActiveCfg = Release|Any CPU
		{4A95E879-6BDC-473E-8A4C-F7A1D242B0C9}.Release|Any CPU.Build.0 = Release|Any CPU
		{B750CA8C-F842-495F-93B5-48FEF043E763}.Debug|Any CPU.ActiveCfg = Debug|Any CPU
		{B750CA8C-F842-495F-93B5-48FEF043E763}.Debug|Any CPU.Build.0 = Debug|Any CPU
		{B750CA8C-F842-495F-93B5-48FEF043E763}.Release|Any CPU.ActiveCfg = Release|Any CPU
		{B750CA8C-F842-495F-93B5-48FEF043E763}.Release|Any CPU.Build.0 = Release|Any CPU
		{87241891-D016-4022-B8E6-969BECB09915}.Debug|Any CPU.ActiveCfg = Debug|Any CPU
		{87241891-D016-4022-B8E6-969BECB09915}.Debug|Any CPU.Build.0 = Debug|Any CPU
		{87241891-D016-4022-B8E6-969BECB09915}.Release|Any CPU.ActiveCfg = Release|Any CPU
		{87241891-D016-4022-B8E6-969BECB09915}.Release|Any CPU.Build.0 = Release|Any CPU
		{64477DE7-76D6-49A0-824D-680F363FCD8C}.Debug|Any CPU.ActiveCfg = Debug|Any CPU
		{64477DE7-76D6-49A0-824D-680F363FCD8C}.Debug|Any CPU.Build.0 = Debug|Any CPU
		{64477DE7-76D6-49A0-824D-680F363FCD8C}.Release|Any CPU.ActiveCfg = Release|Any CPU
		{64477DE7-76D6-49A0-824D-680F363FCD8C}.Release|Any CPU.Build.0 = Release|Any CPU
	EndGlobalSection
	GlobalSection(SolutionProperties) = preSolution
		HideSolutionNode = FALSE
	EndGlobalSection
	GlobalSection(ExtensibilityGlobals) = postSolution
		SolutionGuid = {2661BF4D-1A7E-4439-BB4C-C3117A2BB10F}
	EndGlobalSection
EndGlobal
